
Microsoft Visual Studio Solution File, Format Version 12.00
# Visual Studio 15
VisualStudioVersion = 15.0.28307.168
MinimumVisualStudioVersion = 10.0.40219.1
Project("{FAE04EC0-301F-11D3-BF4B-00C04F79EFBC}") = "SignUpTest.Android", "SignUpTest\SignUpTest.Android\SignUpTest.Android.csproj", "{9CEF063F-F1A4-46E7-939A-F2A120A01E67}"
EndProject
Project("{FAE04EC0-301F-11D3-BF4B-00C04F79EFBC}") = "SignUpTest.UWP", "SignUpTest\SignUpTest.UWP\SignUpTest.UWP.csproj", "{F07415EF-EBED-4B2D-BB10-83BC2F65C2FF}"
EndProject
Project("{FAE04EC0-301F-11D3-BF4B-00C04F79EFBC}") = "SignUpTest", "SignUpTest\SignUpTest\SignUpTest.csproj", "{1AD880FF-7811-4824-A15B-371BF1B49A11}"
EndProject
Global
	GlobalSection(SolutionConfigurationPlatforms) = preSolution
		Debug|Any CPU = Debug|Any CPU
		Debug|ARM = Debug|ARM
		Debug|x64 = Debug|x64
		Debug|x86 = Debug|x86
		Release|Any CPU = Release|Any CPU
		Release|ARM = Release|ARM
		Release|x64 = Release|x64
		Release|x86 = Release|x86
	EndGlobalSection
	GlobalSection(ProjectConfigurationPlatforms) = postSolution
		{9CEF063F-F1A4-46E7-939A-F2A120A01E67}.Debug|Any CPU.ActiveCfg = Debug|Any CPU
		{9CEF063F-F1A4-46E7-939A-F2A120A01E67}.Debug|Any CPU.Build.0 = Debug|Any CPU
		{9CEF063F-F1A4-46E7-939A-F2A120A01E67}.Debug|Any CPU.Deploy.0 = Debug|Any CPU
		{9CEF063F-F1A4-46E7-939A-F2A120A01E67}.Debug|ARM.ActiveCfg = Debug|Any CPU
		{9CEF063F-F1A4-46E7-939A-F2A120A01E67}.Debug|ARM.Build.0 = Debug|Any CPU
		{9CEF063F-F1A4-46E7-939A-F2A120A01E67}.Debug|ARM.Deploy.0 = Debug|Any CPU
		{9CEF063F-F1A4-46E7-939A-F2A120A01E67}.Debug|x64.ActiveCfg = Debug|Any CPU
		{9CEF063F-F1A4-46E7-939A-F2A120A01E67}.Debug|x64.Build.0 = Debug|Any CPU
		{9CEF063F-F1A4-46E7-939A-F2A120A01E67}.Debug|x64.Deploy.0 = Debug|Any CPU
		{9CEF063F-F1A4-46E7-939A-F2A120A01E67}.Debug|x86.ActiveCfg = Debug|Any CPU
		{9CEF063F-F1A4-46E7-939A-F2A120A01E67}.Debug|x86.Build.0 = Debug|Any CPU
		{9CEF063F-F1A4-46E7-939A-F2A120A01E67}.Debug|x86.Deploy.0 = Debug|Any CPU
		{9CEF063F-F1A4-46E7-939A-F2A120A01E67}.Release|Any CPU.ActiveCfg = Release|Any CPU
		{9CEF063F-F1A4-46E7-939A-F2A120A01E67}.Release|Any CPU.Build.0 = Release|Any CPU
		{9CEF063F-F1A4-46E7-939A-F2A120A01E67}.Release|Any CPU.Deploy.0 = Release|Any CPU
		{9CEF063F-F1A4-46E7-939A-F2A120A01E67}.Release|ARM.ActiveCfg = Release|Any CPU
		{9CEF063F-F1A4-46E7-939A-F2A120A01E67}.Release|ARM.Build.0 = Release|Any CPU
		{9CEF063F-F1A4-46E7-939A-F2A120A01E67}.Release|ARM.Deploy.0 = Release|Any CPU
		{9CEF063F-F1A4-46E7-939A-F2A120A01E67}.Release|x64.ActiveCfg = Release|Any CPU
		{9CEF063F-F1A4-46E7-939A-F2A120A01E67}.Release|x64.Build.0 = Release|Any CPU
		{9CEF063F-F1A4-46E7-939A-F2A120A01E67}.Release|x64.Deploy.0 = Release|Any CPU
		{9CEF063F-F1A4-46E7-939A-F2A120A01E67}.Release|x86.ActiveCfg = Release|Any CPU
		{9CEF063F-F1A4-46E7-939A-F2A120A01E67}.Release|x86.Build.0 = Release|Any CPU
		{9CEF063F-F1A4-46E7-939A-F2A120A01E67}.Release|x86.Deploy.0 = Release|Any CPU
		{F07415EF-EBED-4B2D-BB10-83BC2F65C2FF}.Debug|Any CPU.ActiveCfg = Debug|x86
		{F07415EF-EBED-4B2D-BB10-83BC2F65C2FF}.Debug|Any CPU.Build.0 = Debug|x86
		{F07415EF-EBED-4B2D-BB10-83BC2F65C2FF}.Debug|Any CPU.Deploy.0 = Debug|x86
		{F07415EF-EBED-4B2D-BB10-83BC2F65C2FF}.Debug|ARM.ActiveCfg = Debug|ARM
		{F07415EF-EBED-4B2D-BB10-83BC2F65C2FF}.Debug|ARM.Build.0 = Debug|ARM
		{F07415EF-EBED-4B2D-BB10-83BC2F65C2FF}.Debug|ARM.Deploy.0 = Debug|ARM
		{F07415EF-EBED-4B2D-BB10-83BC2F65C2FF}.Debug|x64.ActiveCfg = Debug|x64
		{F07415EF-EBED-4B2D-BB10-83BC2F65C2FF}.Debug|x64.Build.0 = Debug|x64
		{F07415EF-EBED-4B2D-BB10-83BC2F65C2FF}.Debug|x64.Deploy.0 = Debug|x64
		{F07415EF-EBED-4B2D-BB10-83BC2F65C2FF}.Debug|x86.ActiveCfg = Debug|x86
		{F07415EF-EBED-4B2D-BB10-83BC2F65C2FF}.Debug|x86.Build.0 = Debug|x86
		{F07415EF-EBED-4B2D-BB10-83BC2F65C2FF}.Debug|x86.Deploy.0 = Debug|x86
		{F07415EF-EBED-4B2D-BB10-83BC2F65C2FF}.Release|Any CPU.ActiveCfg = Release|x86
		{F07415EF-EBED-4B2D-BB10-83BC2F65C2FF}.Release|Any CPU.Build.0 = Release|x86
		{F07415EF-EBED-4B2D-BB10-83BC2F65C2FF}.Release|Any CPU.Deploy.0 = Release|x86
		{F07415EF-EBED-4B2D-BB10-83BC2F65C2FF}.Release|ARM.ActiveCfg = Release|ARM
		{F07415EF-EBED-4B2D-BB10-83BC2F65C2FF}.Release|ARM.Build.0 = Release|ARM
		{F07415EF-EBED-4B2D-BB10-83BC2F65C2FF}.Release|ARM.Deploy.0 = Release|ARM
		{F07415EF-EBED-4B2D-BB10-83BC2F65C2FF}.Release|x64.ActiveCfg = Release|x64
		{F07415EF-EBED-4B2D-BB10-83BC2F65C2FF}.Release|x64.Build.0 = Release|x64
		{F07415EF-EBED-4B2D-BB10-83BC2F65C2FF}.Release|x64.Deploy.0 = Release|x64
		{F07415EF-EBED-4B2D-BB10-83BC2F65C2FF}.Release|x86.ActiveCfg = Release|x86
		{F07415EF-EBED-4B2D-BB10-83BC2F65C2FF}.Release|x86.Build.0 = Release|x86
		{F07415EF-EBED-4B2D-BB10-83BC2F65C2FF}.Release|x86.Deploy.0 = Release|x86
		{1AD880FF-7811-4824-A15B-371BF1B49A11}.Debug|Any CPU.ActiveCfg = Debug|Any CPU
		{1AD880FF-7811-4824-A15B-371BF1B49A11}.Debug|Any CPU.Build.0 = Debug|Any CPU
		{1AD880FF-7811-4824-A15B-371BF1B49A11}.Debug|Any CPU.Deploy.0 = Debug|Any CPU
		{1AD880FF-7811-4824-A15B-371BF1B49A11}.Debug|ARM.ActiveCfg = Debug|Any CPU
		{1AD880FF-7811-4824-A15B-371BF1B49A11}.Debug|ARM.Build.0 = Debug|Any CPU
		{1AD880FF-7811-4824-A15B-371BF1B49A11}.Debug|ARM.Deploy.0 = Debug|Any CPU
		{1AD880FF-7811-4824-A15B-371BF1B49A11}.Debug|x64.ActiveCfg = Debug|Any CPU
		{1AD880FF-7811-4824-A15B-371BF1B49A11}.Debug|x64.Build.0 = Debug|Any CPU
		{1AD880FF-7811-4824-A15B-371BF1B49A11}.Debug|x64.Deploy.0 = Debug|Any CPU
		{1AD880FF-7811-4824-A15B-371BF1B49A11}.Debug|x86.ActiveCfg = Debug|Any CPU
		{1AD880FF-7811-4824-A15B-371BF1B49A11}.Debug|x86.Build.0 = Debug|Any CPU
		{1AD880FF-7811-4824-A15B-371BF1B49A11}.Debug|x86.Deploy.0 = Debug|Any CPU
		{1AD880FF-7811-4824-A15B-371BF1B49A11}.Release|Any CPU.ActiveCfg = Release|Any CPU
		{1AD880FF-7811-4824-A15B-371BF1B49A11}.Release|Any CPU.Build.0 = Release|Any CPU
		{1AD880FF-7811-4824-A15B-371BF1B49A11}.Release|Any CPU.Deploy.0 = Release|Any CPU
		{1AD880FF-7811-4824-A15B-371BF1B49A11}.Release|ARM.ActiveCfg = Release|Any CPU
		{1AD880FF-7811-4824-A15B-371BF1B49A11}.Release|ARM.Build.0 = Release|Any CPU
		{1AD880FF-7811-4824-A15B-371BF1B49A11}.Release|ARM.Deploy.0 = Release|Any CPU
		{1AD880FF-7811-4824-A15B-371BF1B49A11}.Release|x64.ActiveCfg = Release|Any CPU
		{1AD880FF-7811-4824-A15B-371BF1B49A11}.Release|x64.Build.0 = Release|Any CPU
		{1AD880FF-7811-4824-A15B-371BF1B49A11}.Release|x64.Deploy.0 = Release|Any CPU
		{1AD880FF-7811-4824-A15B-371BF1B49A11}.Release|x86.ActiveCfg = Release|Any CPU
		{1AD880FF-7811-4824-A15B-371BF1B49A11}.Release|x86.Build.0 = Release|Any CPU
		{1AD880FF-7811-4824-A15B-371BF1B49A11}.Release|x86.Deploy.0 = Release|Any CPU
	EndGlobalSection
	GlobalSection(SolutionProperties) = preSolution
		HideSolutionNode = FALSE
	EndGlobalSection
	GlobalSection(ExtensibilityGlobals) = postSolution
		SolutionGuid = {681F09CD-7FC5-4130-878F-2D658739A978}
	EndGlobalSection
EndGlobal
